<?xml version="1.0" encoding="utf-8"?>
<Project ToolsVersion="4.0" xmlns="http://schemas.microsoft.com/developer/msbuild/2003">
  <ItemGroup>
    <Filter Include="Source Files">
      <UniqueIdentifier>{4FC737F1-C7A5-4376-A066-2A32D752A2FF}</UniqueIdentifier>
      <Extensions>cpp;c;cc;cxx;def;odl;idl;hpj;bat;asm;asmx</Extensions>
    </Filter>
    <Filter Include="Header Files">
      <UniqueIdentifier>{93995380-89BD-4b04-88EB-625FBE52EBFB}</UniqueIdentifier>
      <Extensions>h;hh;hpp;hxx;hm;inl;inc;xsd</Extensions>
    </Filter>
    <Filter Include="Resource Files">
      <UniqueIdentifier>{67DA6AB6-F800-4c08-8B7A-83BB121AAD01}</UniqueIdentifier>
      <Extensions>rc;ico;cur;bmp;dlg;rc2;rct;bin;rgs;gif;jpg;jpeg;jpe;resx;tiff;tif;png;wav;mfcribbon-ms</Extensions>
    </Filter>
    <Filter Include="Header Files\Renderers">
      <UniqueIdentifier>{9db9276c-3654-438f-b036-9927280c89f9}</UniqueIdentifier>
    </Filter>
    <Filter Include="Header Files\GLstuff">
      <UniqueIdentifier>{9dd2e0c5-3c24-4521-a94e-8eec0dd13854}</UniqueIdentifier>
    </Filter>
    <Filter Include="Header Files\MapGen">
      <UniqueIdentifier>{4d239451-6312-44c9-a4bf-1cd12194d19d}</UniqueIdentifier>
    </Filter>
    <Filter Include="Header Files\Util">
      <UniqueIdentifier>{bbdd2e19-c6eb-4d6c-b85f-61248317445e}</UniqueIdentifier>
    </Filter>
    <Filter Include="Source Files\MapGen">
      <UniqueIdentifier>{bcea7fe8-03dc-415b-817b-f4fe7e93866a}</UniqueIdentifier>
    </Filter>
    <Filter Include="Source Files\GLstuff">
      <UniqueIdentifier>{eb7053e1-6869-40fa-b48a-89e5a84f4115}</UniqueIdentifier>
    </Filter>
    <Filter Include="Source Files\Renderers">
      <UniqueIdentifier>{ae31c8c5-5f5e-44d5-a460-e3023bc89b3c}</UniqueIdentifier>
    </Filter>
    <Filter Include="Source Files\Util">
      <UniqueIdentifier>{4c41b6b8-f944-43e3-95f4-435ee0cdd85c}</UniqueIdentifier>
    </Filter>
    <Filter Include="Header Files\Biomes">
      <UniqueIdentifier>{3adf3352-a5cf-47cc-a052-1483805dc42c}</UniqueIdentifier>
    </Filter>
    <Filter Include="Source Files\Biomes">
      <UniqueIdentifier>{deb7f5a6-d6e3-4ee6-8fdc-ad11e7afcd63}</UniqueIdentifier>
    </Filter>
    <Filter Include="Header Files\States">
      <UniqueIdentifier>{c0707b7e-0133-495b-ab30-900849979115}</UniqueIdentifier>
    </Filter>
    <Filter Include="Source Files\States">
      <UniqueIdentifier>{1a774d5a-7f3e-42e4-a5f8-1a686b664058}</UniqueIdentifier>
    </Filter>
    <Filter Include="Header Files\Sector">
      <UniqueIdentifier>{4515a5f2-ff4b-49c6-a05b-cdd8ff9eb71b}</UniqueIdentifier>
    </Filter>
    <Filter Include="Source Files\Sector">
      <UniqueIdentifier>{6693d2cb-63a2-42cb-b1db-5327dbc5fcd3}</UniqueIdentifier>
    </Filter>
    <Filter Include="Header Files\Voxels">
      <UniqueIdentifier>{a7d4142a-1963-4e2e-9d06-7654005a4140}</UniqueIdentifier>
    </Filter>
    <Filter Include="Source Files\Voxels">
      <UniqueIdentifier>{6e4cfe31-06d5-44e6-a7ed-08c13de48ff6}</UniqueIdentifier>
    </Filter>
  </ItemGroup>
  <ItemGroup>
    <ClInclude Include="src\Application.h">
      <Filter>Header Files</Filter>
    </ClInclude>
    <ClInclude Include="src\World\Segment\CubeFaceMeshes.h">
      <Filter>Header Files</Filter>
    </ClInclude>
    <ClInclude Include="src\World\Segment\Sector.h">
      <Filter>Header Files\Sector</Filter>
    </ClInclude>
    <ClInclude Include="src\World\Segment\Segment.h">
      <Filter>Header Files\Sector</Filter>
    </ClInclude>
    <ClInclude Include="src\World\Segment\SegmentMesh.h">
      <Filter>Header Files\Sector</Filter>
    </ClInclude>
    <ClInclude Include="src\World\Segment\SegmentMeshGenerator.h">
      <Filter>Header Files\Sector</Filter>
    </ClInclude>
    <ClInclude Include="src\World\Segment\SegmentModel.h">
      <Filter>Header Files\Sector</Filter>
    </ClInclude>
    <ClInclude Include="src\World\Voxel\VoxelCodex.h">
      <Filter>Header Files\Voxels</Filter>
    </ClInclude>
    <ClInclude Include="src\World\Voxel\VoxelData.h">
      <Filter>Header Files\Voxels</Filter>
    </ClInclude>
    <ClInclude Include="src\World\Voxel\VoxelElement.h">
      <Filter>Header Files\Voxels</Filter>
    </ClInclude>
    <ClInclude Include="src\World\Voxel\VoxelEnums.h">
      <Filter>Header Files\Voxels</Filter>
    </ClInclude>
    <ClInclude Include="src\World\World.h">
      <Filter>Header Files\Sector</Filter>
    </ClInclude>
    <ClInclude Include="src\World\Segment\LightingComputer.h">
      <Filter>Header Files\Sector</Filter>
    </ClInclude>
    <ClInclude Include="src\Math\Noise.h">
      <Filter>Header Files\Util</Filter>
    </ClInclude>
    <ClInclude Include="src\Math\FastRandom.h">
      <Filter>Header Files</Filter>
    </ClInclude>
    <ClInclude Include="src\Math\Raycast.h">
      <Filter>Header Files\Util</Filter>
    </ClInclude>
    <ClInclude Include="src\Math\vector3.h">
      <Filter>Header Files</Filter>
    </ClInclude>
    <ClInclude Include="src\Math\vecXZ.h">
      <Filter>Header Files</Filter>
    </ClInclude>
    <ClInclude Include="src\Math\Plane.h">
      <Filter>Header Files\Util</Filter>
    </ClInclude>
    <ClInclude Include="src\Math\AABB.h">
      <Filter>Header Files\Util</Filter>
    </ClInclude>
    <ClInclude Include="src\Math\Frustum.h">
      <Filter>Header Files\Util</Filter>
    </ClInclude>
    <ClInclude Include="src\OGL\Core\Mesh.h">
      <Filter>Header Files\GLstuff</Filter>
    </ClInclude>
    <ClInclude Include="src\OGL\Core\Model.h">
      <Filter>Header Files\GLstuff</Filter>
    </ClInclude>
    <ClInclude Include="src\OGL\Core\Shader.h">
      <Filter>Header Files\GLstuff</Filter>
    </ClInclude>
    <ClInclude Include="src\OGL\Core\Texture.h">
      <Filter>Header Files\GLstuff</Filter>
    </ClInclude>
    <ClInclude Include="src\OGL\Util\Camera.h">
      <Filter>Header Files\Util</Filter>
    </ClInclude>
    <ClInclude Include="src\OGL\Util\TextureAtlas.h">
      <Filter>Header Files\GLstuff</Filter>
    </ClInclude>
    <ClInclude Include="src\CppUtil\NonCopyable.h">
      <Filter>Header Files\Util</Filter>
    </ClInclude>
    <ClInclude Include="src\CppUtil\Blocking_Queue.h">
      <Filter>Header Files\Util</Filter>
    </ClInclude>
    <ClInclude Include="src\OGL\Core\RenderData.h">
      <Filter>Header Files\GLstuff</Filter>
    </ClInclude>
    <ClInclude Include="src\OGL\Core\stbi.h">
      <Filter>Header Files</Filter>
    </ClInclude>
    <ClInclude Include="src\Renderer\FloraRenderer.h">
      <Filter>Header Files\Renderers</Filter>
    </ClInclude>
    <ClInclude Include="src\Renderer\MasterRenderer.h">
      <Filter>Header Files\Renderers</Filter>
    </ClInclude>
    <ClInclude Include="src\Renderer\SolidRenderer.h">
      <Filter>Header Files\Renderers</Filter>
    </ClInclude>
    <ClInclude Include="src\Renderer\TypeRenderer.h">
      <Filter>Header Files\Renderers</Filter>
    </ClInclude>
    <ClInclude Include="src\Renderer\WaterRenderer.h">
      <Filter>Header Files\Renderers</Filter>
    </ClInclude>
    <ClInclude Include="src\World\Generation\Biome\Biome.h">
      <Filter>Header Files\Biomes</Filter>
    </ClInclude>
    <ClInclude Include="src\World\Generation\Biome\Desert.h">
      <Filter>Header Files\Biomes</Filter>
    </ClInclude>
    <ClInclude Include="src\World\Generation\Biome\Fields.h">
      <Filter>Header Files\Biomes</Filter>
    </ClInclude>
    <ClInclude Include="src\World\Generation\Biome\Oceans.h">
      <Filter>Header Files\Biomes</Filter>
    </ClInclude>
    <ClInclude Include="src\World\Generation\Map\FlatGenerator.h">
      <Filter>Header Files\MapGen</Filter>
    </ClInclude>
    <ClInclude Include="src\World\Generation\Map\OverworldGenerator.h">
      <Filter>Header Files\MapGen</Filter>
    </ClInclude>
    <ClInclude Include="src\World\Generation\Map\MapGenerator.h">
      <Filter>Header Files\MapGen</Filter>
    </ClInclude>
    <ClInclude Include="src\World\Generation\Biome\Composition.h">
      <Filter>Header Files\Biomes</Filter>
    </ClInclude>
    <ClInclude Include="src\World\Voxel\VoxelType\ExplosiveHandler.h">
      <Filter>Header Files\Voxels</Filter>
    </ClInclude>
    <ClInclude Include="src\World\Voxel\VoxelType\GravityHandler.h">
      <Filter>Header Files\Voxels</Filter>
    </ClInclude>
    <ClInclude Include="src\World\Voxel\VoxelType\GroundFloraHandler.h">
      <Filter>Header Files\Voxels</Filter>
    </ClInclude>
    <ClInclude Include="src\World\Voxel\VoxelType\LiquidHandler.h">
      <Filter>Header Files\Voxels</Filter>
    </ClInclude>
    <ClInclude Include="src\World\Voxel\VoxelType\NonUpdatable.h">
      <Filter>Header Files\Voxels</Filter>
    </ClInclude>
    <ClInclude Include="src\World\Voxel\VoxelType\VoxelUpdateHandler.h">
      <Filter>Header Files\Voxels</Filter>
    </ClInclude>
    <ClInclude Include="src\State\Game.h">
      <Filter>Header Files\States</Filter>
    </ClInclude>
    <ClInclude Include="src\State\State.h">
      <Filter>Header Files\States</Filter>
    </ClInclude>
    <ClInclude Include="src\State\StateManager.h">
      <Filter>Header Files\States</Filter>
    </ClInclude>
    <ClInclude Include="src\World\Segment\RenderableSegment.h">
      <Filter>Header Files</Filter>
    </ClInclude>
    <ClInclude Include="src\World\Segment\SegmentManager.h">
      <Filter>Header Files\Sector</Filter>
    </ClInclude>
  </ItemGroup>
  <ItemGroup>
    <ClCompile Include="src\Application.cpp">
      <Filter>Source Files</Filter>
    </ClCompile>
    <ClCompile Include="src\World\Segment\Sector.cpp">
      <Filter>Source Files\Sector</Filter>
    </ClCompile>
    <ClCompile Include="src\World\Segment\Segment.cpp">
      <Filter>Source Files\Sector</Filter>
    </ClCompile>
    <ClCompile Include="src\World\Segment\SegmentMesh.cpp">
      <Filter>Source Files\Sector</Filter>
    </ClCompile>
    <ClCompile Include="src\World\Segment\SegmentMeshGenerator.cpp">
      <Filter>Source Files\Sector</Filter>
    </ClCompile>
    <ClCompile Include="src\World\Segment\SegmentModel.cpp">
      <Filter>Source Files\Sector</Filter>
    </ClCompile>
    <ClCompile Include="src\World\Voxel\VoxelCodex.cpp">
      <Filter>Source Files\Voxels</Filter>
    </ClCompile>
    <ClCompile Include="src\World\Voxel\VoxelElement.cpp">
      <Filter>Source Files\Voxels</Filter>
    </ClCompile>
    <ClCompile Include="src\World\World.cpp">
      <Filter>Source Files\Sector</Filter>
    </ClCompile>
    <ClCompile Include="src\World\Segment\LightingComputer.cpp">
      <Filter>Source Files\Sector</Filter>
    </ClCompile>
    <ClCompile Include="src\Math\Noise.cpp">
      <Filter>Source Files\Util</Filter>
    </ClCompile>
    <ClCompile Include="src\Math\FastRandom.cpp">
      <Filter>Source Files</Filter>
    </ClCompile>
    <ClCompile Include="src\Math\RayCast.cpp">
      <Filter>Source Files\Util</Filter>
    </ClCompile>
    <ClCompile Include="src\Math\vector3.cpp">
      <Filter>Source Files</Filter>
    </ClCompile>
    <ClCompile Include="src\Math\vecXZ.cpp">
      <Filter>Source Files</Filter>
    </ClCompile>
    <ClCompile Include="src\Math\Plane.cpp">
      <Filter>Source Files\Util</Filter>
    </ClCompile>
    <ClCompile Include="src\Math\Frustum.cpp">
      <Filter>Source Files\Util</Filter>
    </ClCompile>
    <ClCompile Include="src\OGL\Core\Model.cpp">
      <Filter>Source Files\GLstuff</Filter>
    </ClCompile>
    <ClCompile Include="src\OGL\Core\Shader.cpp">
      <Filter>Source Files\GLstuff</Filter>
    </ClCompile>
    <ClCompile Include="src\OGL\Core\Texture.cpp">
      <Filter>Source Files\GLstuff</Filter>
    </ClCompile>
    <ClCompile Include="src\OGL\Util\Camera.cpp">
      <Filter>Source Files\Util</Filter>
    </ClCompile>
    <ClCompile Include="src\OGL\Util\TextureAtlas.cpp">
      <Filter>Source Files\GLstuff</Filter>
    </ClCompile>
    <ClCompile Include="src\VoxelCraft.cpp">
      <Filter>Source Files</Filter>
    </ClCompile>
    <ClCompile Include="src\OGL\Core\stbi.cpp">
      <Filter>Source Files</Filter>
    </ClCompile>
    <ClCompile Include="src\Renderer\FloraRenderer.cpp">
      <Filter>Source Files\Renderers</Filter>
    </ClCompile>
    <ClCompile Include="src\Renderer\MasterRenderer.cpp">
      <Filter>Source Files\Renderers</Filter>
    </ClCompile>
    <ClCompile Include="src\Renderer\SolidRenderer.cpp">
      <Filter>Source Files\Renderers</Filter>
    </ClCompile>
    <ClCompile Include="src\Renderer\TypeRenderer.cpp">
      <Filter>Source Files\Renderers</Filter>
    </ClCompile>
    <ClCompile Include="src\Renderer\WaterRenderer.cpp">
      <Filter>Source Files\Renderers</Filter>
    </ClCompile>
    <ClCompile Include="src\World\Generation\Biome\Biome.cpp">
      <Filter>Source Files\Biomes</Filter>
    </ClCompile>
    <ClCompile Include="src\World\Generation\Biome\Desert.cpp">
      <Filter>Source Files\Biomes</Filter>
    </ClCompile>
    <ClCompile Include="src\World\Generation\Biome\Fields.cpp">
      <Filter>Source Files\Biomes</Filter>
    </ClCompile>
    <ClCompile Include="src\World\Generation\Biome\Oceans.cpp">
      <Filter>Source Files\Biomes</Filter>
    </ClCompile>
    <ClCompile Include="src\World\Generation\Map\FlatGenerator.cpp">
      <Filter>Source Files\MapGen</Filter>
    </ClCompile>
    <ClCompile Include="src\World\Generation\Map\OverworldGenerator.cpp">
      <Filter>Source Files\MapGen</Filter>
    </ClCompile>
    <ClCompile Include="src\World\Generation\Map\MapGenerator.cpp">
      <Filter>Source Files\MapGen</Filter>
    </ClCompile>
    <ClCompile Include="src\World\Generation\Biome\Composition.cpp">
      <Filter>Source Files\Biomes</Filter>
    </ClCompile>
    <ClCompile Include="src\World\Voxel\VoxelType\ExplosiveHandler.cpp">
      <Filter>Source Files\Voxels</Filter>
    </ClCompile>
    <ClCompile Include="src\World\Voxel\VoxelType\GravityHandler.cpp">
      <Filter>Source Files\Voxels</Filter>
    </ClCompile>
    <ClCompile Include="src\World\Voxel\VoxelType\GroundFloraHandler.cpp">
      <Filter>Source Files\Voxels</Filter>
    </ClCompile>
    <ClCompile Include="src\World\Voxel\VoxelType\LiquidHandler.cpp">
      <Filter>Source Files\Voxels</Filter>
    </ClCompile>
    <ClCompile Include="src\World\Voxel\VoxelType\NonUpdatable.cpp">
      <Filter>Source Files\Voxels</Filter>
    </ClCompile>
    <ClCompile Include="src\World\Voxel\VoxelType\VoxelUpdateHandler.cpp">
      <Filter>Source Files\Voxels</Filter>
    </ClCompile>
    <ClCompile Include="src\State\Game.cpp">
      <Filter>Source Files\States</Filter>
    </ClCompile>
    <ClCompile Include="src\State\StateManager.cpp">
      <Filter>Source Files\States</Filter>
    </ClCompile>
    <ClCompile Include="src\World\Segment\RenderableSegment.cpp">
      <Filter>Source Files</Filter>
    </ClCompile>
    <ClCompile Include="src\World\Segment\SegmentManager.cpp">
      <Filter>Source Files\Sector</Filter>
    </ClCompile>
  </ItemGroup>
  <ItemGroup>
    <None Include="shaders\solid.vert">
      <Filter>Resource Files</Filter>
    </None>
    <None Include="shaders\water.vert">
      <Filter>Resource Files</Filter>
    </None>
    <None Include="shaders\flora.vert">
      <Filter>Resource Files</Filter>
    </None>
    <None Include="shaders\voxel.frag">
      <Filter>Resource Files</Filter>
    </None>
    <None Include="src\packages.config" />
  </ItemGroup>
</Project>