<?xml version="1.0" encoding="utf-8"?>
<Project ToolsVersion="4.0" xmlns="http://schemas.microsoft.com/developer/msbuild/2003">
  <ItemGroup>
    <Filter Include="Source Files">
      <UniqueIdentifier>{4FC737F1-C7A5-4376-A066-2A32D752A2FF}</UniqueIdentifier>
      <Extensions>cpp;c;cc;cxx;def;odl;idl;hpj;bat;asm;asmx</Extensions>
    </Filter>
    <Filter Include="Header Files">
      <UniqueIdentifier>{93995380-89BD-4b04-88EB-625FBE52EBFB}</UniqueIdentifier>
      <Extensions>h;hh;hpp;hxx;hm;inl;inc;xsd</Extensions>
    </Filter>
    <Filter Include="Resource Files">
      <UniqueIdentifier>{67DA6AB6-F800-4c08-8B7A-83BB121AAD01}</UniqueIdentifier>
      <Extensions>rc;ico;cur;bmp;dlg;rc2;rct;bin;rgs;gif;jpg;jpeg;jpe;resx;tiff;tif;png;wav;mfcribbon-ms</Extensions>
    </Filter>
    <Filter Include="Header Files\Renderers">
      <UniqueIdentifier>{9db9276c-3654-438f-b036-9927280c89f9}</UniqueIdentifier>
    </Filter>
    <Filter Include="Header Files\GLstuff">
      <UniqueIdentifier>{9dd2e0c5-3c24-4521-a94e-8eec0dd13854}</UniqueIdentifier>
    </Filter>
    <Filter Include="Header Files\MapGen">
      <UniqueIdentifier>{4d239451-6312-44c9-a4bf-1cd12194d19d}</UniqueIdentifier>
    </Filter>
    <Filter Include="Header Files\Util">
      <UniqueIdentifier>{bbdd2e19-c6eb-4d6c-b85f-61248317445e}</UniqueIdentifier>
    </Filter>
    <Filter Include="Source Files\MapGen">
      <UniqueIdentifier>{bcea7fe8-03dc-415b-817b-f4fe7e93866a}</UniqueIdentifier>
    </Filter>
    <Filter Include="Source Files\GLstuff">
      <UniqueIdentifier>{eb7053e1-6869-40fa-b48a-89e5a84f4115}</UniqueIdentifier>
    </Filter>
    <Filter Include="Source Files\Renderers">
      <UniqueIdentifier>{ae31c8c5-5f5e-44d5-a460-e3023bc89b3c}</UniqueIdentifier>
    </Filter>
    <Filter Include="Source Files\Util">
      <UniqueIdentifier>{4c41b6b8-f944-43e3-95f4-435ee0cdd85c}</UniqueIdentifier>
    </Filter>
    <Filter Include="Header Files\Biomes">
      <UniqueIdentifier>{3adf3352-a5cf-47cc-a052-1483805dc42c}</UniqueIdentifier>
    </Filter>
    <Filter Include="Source Files\Biomes">
      <UniqueIdentifier>{deb7f5a6-d6e3-4ee6-8fdc-ad11e7afcd63}</UniqueIdentifier>
    </Filter>
    <Filter Include="Header Files\States">
      <UniqueIdentifier>{c0707b7e-0133-495b-ab30-900849979115}</UniqueIdentifier>
    </Filter>
    <Filter Include="Source Files\States">
      <UniqueIdentifier>{1a774d5a-7f3e-42e4-a5f8-1a686b664058}</UniqueIdentifier>
    </Filter>
    <Filter Include="Header Files\Sector">
      <UniqueIdentifier>{4515a5f2-ff4b-49c6-a05b-cdd8ff9eb71b}</UniqueIdentifier>
    </Filter>
    <Filter Include="Source Files\Sector">
      <UniqueIdentifier>{6693d2cb-63a2-42cb-b1db-5327dbc5fcd3}</UniqueIdentifier>
    </Filter>
    <Filter Include="Header Files\Voxels">
      <UniqueIdentifier>{a7d4142a-1963-4e2e-9d06-7654005a4140}</UniqueIdentifier>
    </Filter>
    <Filter Include="Source Files\Voxels">
      <UniqueIdentifier>{6e4cfe31-06d5-44e6-a7ed-08c13de48ff6}</UniqueIdentifier>
    </Filter>
  </ItemGroup>
  <ItemGroup>
    <ClInclude Include="stdafx.h">
      <Filter>Header Files</Filter>
    </ClInclude>
    <ClInclude Include="targetver.h">
      <Filter>Header Files</Filter>
    </ClInclude>
    <ClInclude Include="Application.h">
      <Filter>Header Files</Filter>
    </ClInclude>
    <ClInclude Include="stbi.h">
      <Filter>Header Files</Filter>
    </ClInclude>
    <ClInclude Include="vecXZ.h">
      <Filter>Header Files</Filter>
    </ClInclude>
    <ClInclude Include="Segment.h">
      <Filter>Header Files\Sector</Filter>
    </ClInclude>
    <ClInclude Include="SegmentModel.h">
      <Filter>Header Files\Sector</Filter>
    </ClInclude>
    <ClInclude Include="MeshGenerator.h">
      <Filter>Header Files\Sector</Filter>
    </ClInclude>
    <ClInclude Include="MasterRenderer.h">
      <Filter>Header Files\Renderers</Filter>
    </ClInclude>
    <ClInclude Include="SolidRenderer.h">
      <Filter>Header Files\Renderers</Filter>
    </ClInclude>
    <ClInclude Include="TypeRenderer.h">
      <Filter>Header Files\Renderers</Filter>
    </ClInclude>
    <ClInclude Include="WaterRenderer.h">
      <Filter>Header Files\Renderers</Filter>
    </ClInclude>
    <ClInclude Include="SegmentMeshMaker.h">
      <Filter>Header Files\Sector</Filter>
    </ClInclude>
    <ClInclude Include="Mesh.h">
      <Filter>Header Files\GLstuff</Filter>
    </ClInclude>
    <ClInclude Include="Model.h">
      <Filter>Header Files\GLstuff</Filter>
    </ClInclude>
    <ClInclude Include="Texture.h">
      <Filter>Header Files\GLstuff</Filter>
    </ClInclude>
    <ClInclude Include="Shader.h">
      <Filter>Header Files\GLstuff</Filter>
    </ClInclude>
    <ClInclude Include="RenderData.h">
      <Filter>Header Files\GLstuff</Filter>
    </ClInclude>
    <ClInclude Include="TextureAtlas.h">
      <Filter>Header Files\GLstuff</Filter>
    </ClInclude>
    <ClInclude Include="MapGenerator.h">
      <Filter>Header Files\MapGen</Filter>
    </ClInclude>
    <ClInclude Include="OverworldGenerator.h">
      <Filter>Header Files\MapGen</Filter>
    </ClInclude>
    <ClInclude Include="FlatGenerator.h">
      <Filter>Header Files\MapGen</Filter>
    </ClInclude>
    <ClInclude Include="Noise.h">
      <Filter>Header Files\Util</Filter>
    </ClInclude>
    <ClInclude Include="Camera.h">
      <Filter>Header Files\Util</Filter>
    </ClInclude>
    <ClInclude Include="World.h">
      <Filter>Header Files\Sector</Filter>
    </ClInclude>
    <ClInclude Include="Biome.h">
      <Filter>Header Files\Biomes</Filter>
    </ClInclude>
    <ClInclude Include="Composition.h">
      <Filter>Header Files\Biomes</Filter>
    </ClInclude>
    <ClInclude Include="Fields.h">
      <Filter>Header Files\Biomes</Filter>
    </ClInclude>
    <ClInclude Include="Desert.h">
      <Filter>Header Files\Biomes</Filter>
    </ClInclude>
    <ClInclude Include="Frustum.h">
      <Filter>Header Files\Util</Filter>
    </ClInclude>
    <ClInclude Include="Plane.h">
      <Filter>Header Files\Util</Filter>
    </ClInclude>
    <ClInclude Include="AABB.h">
      <Filter>Header Files\Util</Filter>
    </ClInclude>
    <ClInclude Include="Raycast.h">
      <Filter>Header Files\Util</Filter>
    </ClInclude>
    <ClInclude Include="State.h">
      <Filter>Header Files\States</Filter>
    </ClInclude>
    <ClInclude Include="NonCopyable.h">
      <Filter>Header Files\Util</Filter>
    </ClInclude>
    <ClInclude Include="Game.h">
      <Filter>Header Files\States</Filter>
    </ClInclude>
    <ClInclude Include="StateManager.h">
      <Filter>Header Files\States</Filter>
    </ClInclude>
    <ClInclude Include="FloraRenderer.h">
      <Filter>Header Files\Renderers</Filter>
    </ClInclude>
    <ClInclude Include="GroundFloraHandler.h">
      <Filter>Header Files\Voxels</Filter>
    </ClInclude>
    <ClInclude Include="vector3.h">
      <Filter>Header Files</Filter>
    </ClInclude>
    <ClInclude Include="LiquidHandler.h">
      <Filter>Header Files\Voxels</Filter>
    </ClInclude>
    <ClInclude Include="SectorManager.h">
      <Filter>Header Files\Sector</Filter>
    </ClInclude>
    <ClInclude Include="Sector.h">
      <Filter>Header Files\Sector</Filter>
    </ClInclude>
    <ClInclude Include="VoxelEnums.h">
      <Filter>Header Files\Voxels</Filter>
    </ClInclude>
    <ClInclude Include="VoxelUpdateHandler.h">
      <Filter>Header Files\Voxels</Filter>
    </ClInclude>
    <ClInclude Include="GravityHandler.h">
      <Filter>Header Files\Voxels</Filter>
    </ClInclude>
    <ClInclude Include="VoxelData.h">
      <Filter>Header Files\Voxels</Filter>
    </ClInclude>
    <ClInclude Include="VoxelCodex.h">
      <Filter>Header Files\Voxels</Filter>
    </ClInclude>
    <ClInclude Include="NonUpdatable.h">
      <Filter>Header Files\Voxels</Filter>
    </ClInclude>
    <ClInclude Include="VoxelElement.h">
      <Filter>Header Files\Voxels</Filter>
    </ClInclude>
    <ClInclude Include="Oceans.h">
      <Filter>Header Files\Biomes</Filter>
    </ClInclude>
    <ClInclude Include="SegmentBounds.h">
      <Filter>Header Files\Sector</Filter>
    </ClInclude>
    <ClInclude Include="ExplosiveHandler.h">
      <Filter>Header Files\Voxels</Filter>
    </ClInclude>
    <ClInclude Include="LightingComputer.h">
      <Filter>Header Files\Sector</Filter>
    </ClInclude>
    <ClInclude Include="FastRandom.h">
      <Filter>Header Files</Filter>
    </ClInclude>
    <ClInclude Include="Blocking_Queue.h">
      <Filter>Header Files\Util</Filter>
    </ClInclude>
  </ItemGroup>
  <ItemGroup>
    <ClCompile Include="stdafx.cpp">
      <Filter>Source Files</Filter>
    </ClCompile>
    <ClCompile Include="VoxelCraft.cpp">
      <Filter>Source Files</Filter>
    </ClCompile>
    <ClCompile Include="Application.cpp">
      <Filter>Source Files</Filter>
    </ClCompile>
    <ClCompile Include="stbi.cpp">
      <Filter>Source Files</Filter>
    </ClCompile>
    <ClCompile Include="vecXZ.cpp">
      <Filter>Source Files</Filter>
    </ClCompile>
    <ClCompile Include="Segment.cpp">
      <Filter>Source Files\Sector</Filter>
    </ClCompile>
    <ClCompile Include="SegmentModel.cpp">
      <Filter>Source Files\Sector</Filter>
    </ClCompile>
    <ClCompile Include="SegmentMeshMaker.cpp">
      <Filter>Source Files\Sector</Filter>
    </ClCompile>
    <ClCompile Include="MeshGenerator.cpp">
      <Filter>Source Files\Sector</Filter>
    </ClCompile>
    <ClCompile Include="World.cpp">
      <Filter>Source Files\Sector</Filter>
    </ClCompile>
    <ClCompile Include="FlatGenerator.cpp">
      <Filter>Source Files\MapGen</Filter>
    </ClCompile>
    <ClCompile Include="OverworldGenerator.cpp">
      <Filter>Source Files\MapGen</Filter>
    </ClCompile>
    <ClCompile Include="MapGenerator.cpp">
      <Filter>Source Files\MapGen</Filter>
    </ClCompile>
    <ClCompile Include="Texture.cpp">
      <Filter>Source Files\GLstuff</Filter>
    </ClCompile>
    <ClCompile Include="TextureAtlas.cpp">
      <Filter>Source Files\GLstuff</Filter>
    </ClCompile>
    <ClCompile Include="Model.cpp">
      <Filter>Source Files\GLstuff</Filter>
    </ClCompile>
    <ClCompile Include="Shader.cpp">
      <Filter>Source Files\GLstuff</Filter>
    </ClCompile>
    <ClCompile Include="TypeRenderer.cpp">
      <Filter>Source Files\Renderers</Filter>
    </ClCompile>
    <ClCompile Include="WaterRenderer.cpp">
      <Filter>Source Files\Renderers</Filter>
    </ClCompile>
    <ClCompile Include="MasterRenderer.cpp">
      <Filter>Source Files\Renderers</Filter>
    </ClCompile>
    <ClCompile Include="SolidRenderer.cpp">
      <Filter>Source Files\Renderers</Filter>
    </ClCompile>
    <ClCompile Include="Camera.cpp">
      <Filter>Source Files\Util</Filter>
    </ClCompile>
    <ClCompile Include="Noise.cpp">
      <Filter>Source Files\Util</Filter>
    </ClCompile>
    <ClCompile Include="Biome.cpp">
      <Filter>Source Files\Biomes</Filter>
    </ClCompile>
    <ClCompile Include="Composition.cpp">
      <Filter>Source Files\Biomes</Filter>
    </ClCompile>
    <ClCompile Include="Fields.cpp">
      <Filter>Source Files\Biomes</Filter>
    </ClCompile>
    <ClCompile Include="Desert.cpp">
      <Filter>Source Files\Biomes</Filter>
    </ClCompile>
    <ClCompile Include="Frustum.cpp">
      <Filter>Source Files\Util</Filter>
    </ClCompile>
    <ClCompile Include="Plane.cpp">
      <Filter>Source Files\Util</Filter>
    </ClCompile>
    <ClCompile Include="RayCast.cpp">
      <Filter>Source Files\Util</Filter>
    </ClCompile>
    <ClCompile Include="StateManager.cpp">
      <Filter>Source Files\States</Filter>
    </ClCompile>
    <ClCompile Include="Game.cpp">
      <Filter>Source Files\States</Filter>
    </ClCompile>
    <ClCompile Include="FloraRenderer.cpp">
      <Filter>Source Files\Renderers</Filter>
    </ClCompile>
    <ClCompile Include="GroundFloraHandler.cpp">
      <Filter>Source Files\Voxels</Filter>
    </ClCompile>
    <ClCompile Include="vector3.cpp">
      <Filter>Source Files</Filter>
    </ClCompile>
    <ClCompile Include="LiquidHandler.cpp">
      <Filter>Source Files\Voxels</Filter>
    </ClCompile>
    <ClCompile Include="NonUpdatable.cpp">
      <Filter>Source Files\Voxels</Filter>
    </ClCompile>
    <ClCompile Include="SectorManager.cpp">
      <Filter>Source Files\Sector</Filter>
    </ClCompile>
    <ClCompile Include="Sector.cpp">
      <Filter>Source Files\Sector</Filter>
    </ClCompile>
    <ClCompile Include="VoxelCodex.cpp">
      <Filter>Source Files\Voxels</Filter>
    </ClCompile>
    <ClCompile Include="UpdateHandler.cpp">
      <Filter>Source Files\Voxels</Filter>
    </ClCompile>
    <ClCompile Include="GravityHandler.cpp">
      <Filter>Source Files\Voxels</Filter>
    </ClCompile>
    <ClCompile Include="VoxelElement.cpp">
      <Filter>Source Files\Voxels</Filter>
    </ClCompile>
    <ClCompile Include="Oceans.cpp">
      <Filter>Source Files\Biomes</Filter>
    </ClCompile>
    <ClCompile Include="SegmentBounds.cpp">
      <Filter>Source Files\Sector</Filter>
    </ClCompile>
    <ClCompile Include="ExplosiveHandler.cpp">
      <Filter>Source Files\Voxels</Filter>
    </ClCompile>
    <ClCompile Include="LightingComputer.cpp">
      <Filter>Source Files\Sector</Filter>
    </ClCompile>
	<ClCompile Include="FastRandom.cpp">
      <Filter>Source Files</Filter>
    </ClCompile>
  </ItemGroup>
  <ItemGroup>
    <None Include="packages.config" />
    <None Include="shaders\solid.frag">
      <Filter>Resource Files</Filter>
    </None>
    <None Include="shaders\solid.vert">
      <Filter>Resource Files</Filter>
    </None>
    <None Include="shaders\water.frag">
      <Filter>Resource Files</Filter>
    </None>
    <None Include="shaders\water.vert">
      <Filter>Resource Files</Filter>
    </None>
    <None Include="shaders\flora.frag">
      <Filter>Resource Files</Filter>
    </None>
    <None Include="shaders\flora.vert">
      <Filter>Resource Files</Filter>
    </None>
  </ItemGroup>
</Project>